version = 1
revision = 1
requires-python = ">=3.13.2"

[[package]]
name = "pyserial"
version = "3.5"
source = { registry = "https://pypi.org/simple" }
sdist = { url = "https://files.pythonhosted.org/packages/1e/7d/ae3f0a63f41e4d2f6cb66a5b57197850f919f59e558159a4dd3a818f5082/pyserial-3.5.tar.gz", hash = "sha256:3c77e014170dfffbd816e6ffc205e9842efb10be9f58ec16d3e8675b4925cddb", size = 159125 }
wheels = [
    { url = "https://files.pythonhosted.org/packages/07/bc/587a445451b253b285629263eb51c2d8e9bcea4fc97826266d186f96f558/pyserial-3.5-py2.py3-none-any.whl", hash = "sha256:c4451db6ba391ca6ca299fb3ec7bae67a5c55dde170964c7a14ceefec02f2cf0", size = 90585 },
]

[[package]]
name = "python-statsd"
version = "2.1.0"
source = { registry = "https://pypi.org/simple" }
sdist = { url = "https://files.pythonhosted.org/packages/bc/ea/0beeadf66faed4ccdcb48009bb4eebf580ac6c05e55b6fae4032c6c45b9a/python-statsd-2.1.0.tar.gz", hash = "sha256:d2c573d325d0f015b4d79f0d0f8c88dd8413d7b9ef890c09076a9b6089ab301c", size = 10834 }
wheels = [
    { url = "https://files.pythonhosted.org/packages/6f/af/224e67da2deda72317aa9afe3445cf849ebd86f4001e20b5d164ef9d05f8/python_statsd-2.1.0-py2.py3-none-any.whl", hash = "sha256:f0b8b3333a7d474a3b0ece069e4849febdc66d2712d5290aea6ff1189a05fb80", size = 14479 },
]

[[package]]
name = "smartplug-monitor"
version = "0.1.0"
source = { virtual = "." }
dependencies = [
    { name = "pyserial" },
    { name = "python-statsd" },
    { name = "xbee" },
]

[package.metadata]
requires-dist = [
    { name = "pyserial", specifier = "==3.5" },
    { name = "python-statsd", specifier = "==2.1.0" },
    { name = "xbee", specifier = "==2.3.2" },
]

[[package]]
name = "xbee"
version = "2.3.2"
source = { registry = "https://pypi.org/simple" }
dependencies = [
    { name = "pyserial" },
]
sdist = { url = "https://files.pythonhosted.org/packages/4e/6b/34a1a5a0c45c662f8ae033a0d077b0fcc45b3e0e71e0b17522b2861e0090/XBee-2.3.2.tar.gz", hash = "sha256:77c06de63403409a7e6ca2305b05f499fbff52a0d6031366ffb7acebe14db657", size = 28117 }
wheels = [
    { url = "https://files.pythonhosted.org/packages/0e/a3/464ff453523bd0a614df9f738afbdc02888bd59440ba35edcacb50805c85/XBee-2.3.2-py3-none-any.whl", hash = "sha256:f4a9f7d5da7c0fbc19b4e52f8b975859c277ef72606d18d1b6f468049e14d0ae", size = 25376 },
]
